// !$*UTF8*$!
{
	archiveVersion = 1;
	classes = {
	};
	objectVersion = 46;
	objects = {

/* Begin PBXBuildFile section */
		370DA0C11C14D63600DF539A /* POCViewController.swift in Sources */ = {isa = PBXBuildFile; fileRef = 370DA0C01C14D63600DF539A /* POCViewController.swift */; };
		370E0EBE1C10A22700F5A89C /* Devil Breeze Bold.ttf in Resources */ = {isa = PBXBuildFile; fileRef = 370E0EB91C10A22700F5A89C /* Devil Breeze Bold.ttf */; };
		370E0EBF1C10A22700F5A89C /* Devil Breeze Book.ttf in Resources */ = {isa = PBXBuildFile; fileRef = 370E0EBA1C10A22700F5A89C /* Devil Breeze Book.ttf */; };
		370E0EC01C10A22700F5A89C /* Devil Breeze Demi.ttf in Resources */ = {isa = PBXBuildFile; fileRef = 370E0EBB1C10A22700F5A89C /* Devil Breeze Demi.ttf */; };
		370E0EC11C10A22700F5A89C /* Devil Breeze Light.ttf in Resources */ = {isa = PBXBuildFile; fileRef = 370E0EBC1C10A22700F5A89C /* Devil Breeze Light.ttf */; };
		370E0EC21C10A22700F5A89C /* Devil Breeze Medium.ttf in Resources */ = {isa = PBXBuildFile; fileRef = 370E0EBD1C10A22700F5A89C /* Devil Breeze Medium.ttf */; };
		370E0EC41C10D9DE00F5A89C /* logosmall.png in Resources */ = {isa = PBXBuildFile; fileRef = 370E0EC31C10D9DE00F5A89C /* logosmall.png */; };
		370E0EC81C13629900F5A89C /* SettingsViewController.swift in Sources */ = {isa = PBXBuildFile; fileRef = 370E0EC71C13629900F5A89C /* SettingsViewController.swift */; };
		370E0ECA1C1362F700F5A89C /* ChoiceViewController.swift in Sources */ = {isa = PBXBuildFile; fileRef = 370E0EC91C1362F700F5A89C /* ChoiceViewController.swift */; };
		377637831C14D9E700A9537D /* ChildLoginViewController.swift in Sources */ = {isa = PBXBuildFile; fileRef = 377637821C14D9E700A9537D /* ChildLoginViewController.swift */; };
		37FB6BF91C0CA993000EAFA7 /* AppDelegate.swift in Sources */ = {isa = PBXBuildFile; fileRef = 37FB6BF81C0CA993000EAFA7 /* AppDelegate.swift */; };
		37FB6BFB1C0CA993000EAFA7 /* MapViewController.swift in Sources */ = {isa = PBXBuildFile; fileRef = 37FB6BFA1C0CA993000EAFA7 /* MapViewController.swift */; };
		37FB6BFE1C0CA993000EAFA7 /* Main.storyboard in Resources */ = {isa = PBXBuildFile; fileRef = 37FB6BFC1C0CA993000EAFA7 /* Main.storyboard */; };
		37FB6C001C0CA993000EAFA7 /* Assets.xcassets in Resources */ = {isa = PBXBuildFile; fileRef = 37FB6BFF1C0CA993000EAFA7 /* Assets.xcassets */; };
		37FB6C031C0CA993000EAFA7 /* LaunchScreen.storyboard in Resources */ = {isa = PBXBuildFile; fileRef = 37FB6C011C0CA993000EAFA7 /* LaunchScreen.storyboard */; };
		37FB6C0C1C0CB825000EAFA7 /* Child.storyboard in Resources */ = {isa = PBXBuildFile; fileRef = 37FB6C0B1C0CB824000EAFA7 /* Child.storyboard */; };
		37FB6C0E1C0CF187000EAFA7 /* LoginViewController.swift in Sources */ = {isa = PBXBuildFile; fileRef = 37FB6C0D1C0CF187000EAFA7 /* LoginViewController.swift */; };
		37FB6C101C0CF192000EAFA7 /* JoinViewController.swift in Sources */ = {isa = PBXBuildFile; fileRef = 37FB6C0F1C0CF192000EAFA7 /* JoinViewController.swift */; };
/* End PBXBuildFile section */

/* Begin PBXCopyFilesBuildPhase section */
		37FB6C201C0D25DE000EAFA7 /* Embed App Extensions */ = {
			isa = PBXCopyFilesBuildPhase;
			buildActionMask = 2147483647;
			dstPath = "";
			dstSubfolderSpec = 13;
			files = (
			);
			name = "Embed App Extensions";
			runOnlyForDeploymentPostprocessing = 0;
		};
/* End PBXCopyFilesBuildPhase section */

/* Begin PBXFileReference section */
		370DA0C01C14D63600DF539A /* POCViewController.swift */ = {isa = PBXFileReference; fileEncoding = 4; lastKnownFileType = sourcecode.swift; name = POCViewController.swift; path = ../POCViewController.swift; sourceTree = "<group>"; };
		370E0EB91C10A22700F5A89C /* Devil Breeze Bold.ttf */ = {isa = PBXFileReference; lastKnownFileType = file; path = "Devil Breeze Bold.ttf"; sourceTree = "<group>"; };
		370E0EBA1C10A22700F5A89C /* Devil Breeze Book.ttf */ = {isa = PBXFileReference; lastKnownFileType = file; path = "Devil Breeze Book.ttf"; sourceTree = "<group>"; };
		370E0EBB1C10A22700F5A89C /* Devil Breeze Demi.ttf */ = {isa = PBXFileReference; lastKnownFileType = file; path = "Devil Breeze Demi.ttf"; sourceTree = "<group>"; };
		370E0EBC1C10A22700F5A89C /* Devil Breeze Light.ttf */ = {isa = PBXFileReference; lastKnownFileType = file; path = "Devil Breeze Light.ttf"; sourceTree = "<group>"; };
		370E0EBD1C10A22700F5A89C /* Devil Breeze Medium.ttf */ = {isa = PBXFileReference; lastKnownFileType = file; path = "Devil Breeze Medium.ttf"; sourceTree = "<group>"; };
		370E0EC31C10D9DE00F5A89C /* logosmall.png */ = {isa = PBXFileReference; lastKnownFileType = image.png; path = logosmall.png; sourceTree = "<group>"; };
		370E0EC71C13629900F5A89C /* SettingsViewController.swift */ = {isa = PBXFileReference; fileEncoding = 4; lastKnownFileType = sourcecode.swift; path = SettingsViewController.swift; sourceTree = "<group>"; };
		370E0EC91C1362F700F5A89C /* ChoiceViewController.swift */ = {isa = PBXFileReference; fileEncoding = 4; lastKnownFileType = sourcecode.swift; name = ChoiceViewController.swift; path = ../ChoiceViewController.swift; sourceTree = "<group>"; };
		377637821C14D9E700A9537D /* ChildLoginViewController.swift */ = {isa = PBXFileReference; fileEncoding = 4; lastKnownFileType = sourcecode.swift; path = ChildLoginViewController.swift; sourceTree = "<group>"; };
		37FB6BF51C0CA993000EAFA7 /* Backseat Driver.app */ = {isa = PBXFileReference; explicitFileType = wrapper.application; includeInIndex = 0; path = "Backseat Driver.app"; sourceTree = BUILT_PRODUCTS_DIR; };
		37FB6BF81C0CA993000EAFA7 /* AppDelegate.swift */ = {isa = PBXFileReference; lastKnownFileType = sourcecode.swift; path = AppDelegate.swift; sourceTree = "<group>"; };
		37FB6BFA1C0CA993000EAFA7 /* MapViewController.swift */ = {isa = PBXFileReference; lastKnownFileType = sourcecode.swift; path = MapViewController.swift; sourceTree = "<group>"; };
		37FB6BFD1C0CA993000EAFA7 /* Base */ = {isa = PBXFileReference; lastKnownFileType = file.storyboard; name = Base; path = Base.lproj/Main.storyboard; sourceTree = "<group>"; };
		37FB6BFF1C0CA993000EAFA7 /* Assets.xcassets */ = {isa = PBXFileReference; lastKnownFileType = folder.assetcatalog; path = Assets.xcassets; sourceTree = "<group>"; };
		37FB6C021C0CA993000EAFA7 /* Base */ = {isa = PBXFileReference; lastKnownFileType = file.storyboard; name = Base; path = Base.lproj/LaunchScreen.storyboard; sourceTree = "<group>"; };
		37FB6C041C0CA993000EAFA7 /* Info.plist */ = {isa = PBXFileReference; lastKnownFileType = text.plist.xml; path = Info.plist; sourceTree = "<group>"; };
		37FB6C0B1C0CB824000EAFA7 /* Child.storyboard */ = {isa = PBXFileReference; fileEncoding = 4; lastKnownFileType = file.storyboard; path = Child.storyboard; sourceTree = "<group>"; };
		37FB6C0D1C0CF187000EAFA7 /* LoginViewController.swift */ = {isa = PBXFileReference; fileEncoding = 4; lastKnownFileType = sourcecode.swift; path = LoginViewController.swift; sourceTree = "<group>"; };
		37FB6C0F1C0CF192000EAFA7 /* JoinViewController.swift */ = {isa = PBXFileReference; fileEncoding = 4; lastKnownFileType = sourcecode.swift; path = JoinViewController.swift; sourceTree = "<group>"; };
/* End PBXFileReference section */

/* Begin PBXFrameworksBuildPhase section */
		37FB6BF21C0CA993000EAFA7 /* Frameworks */ = {
			isa = PBXFrameworksBuildPhase;
			buildActionMask = 2147483647;
			files = (
			);
			runOnlyForDeploymentPostprocessing = 0;
		};
/* End PBXFrameworksBuildPhase section */

/* Begin PBXGroup section */
		370DA0C21C14D65100DF539A /* ViewControllers */ = {
			isa = PBXGroup;
			children = (
				37FB6BFA1C0CA993000EAFA7 /* MapViewController.swift */,
				370DA0C01C14D63600DF539A /* POCViewController.swift */,
				370E0EC91C1362F700F5A89C /* ChoiceViewController.swift */,
				370E0EC71C13629900F5A89C /* SettingsViewController.swift */,
				37FB6C0D1C0CF187000EAFA7 /* LoginViewController.swift */,
				37FB6C0F1C0CF192000EAFA7 /* JoinViewController.swift */,
				377637821C14D9E700A9537D /* ChildLoginViewController.swift */,
			);
			name = ViewControllers;
			sourceTree = "<group>";
		};
		370E0EB81C10A1FF00F5A89C /* Resources */ = {
			isa = PBXGroup;
			children = (
				370E0EB91C10A22700F5A89C /* Devil Breeze Bold.ttf */,
				370E0EBA1C10A22700F5A89C /* Devil Breeze Book.ttf */,
				370E0EBB1C10A22700F5A89C /* Devil Breeze Demi.ttf */,
				370E0EBC1C10A22700F5A89C /* Devil Breeze Light.ttf */,
				370E0EBD1C10A22700F5A89C /* Devil Breeze Medium.ttf */,
			);
			name = Resources;
			path = "Backseat Driver";
			sourceTree = "<group>";
		};
		377637811C14D68B00A9537D /* Storyboards */ = {
			isa = PBXGroup;
			children = (
				37FB6BFC1C0CA993000EAFA7 /* Main.storyboard */,
				37FB6C0B1C0CB824000EAFA7 /* Child.storyboard */,
			);
			name = Storyboards;
			sourceTree = "<group>";
		};
		37FB6BEC1C0CA993000EAFA7 = {
			isa = PBXGroup;
			children = (
				37FB6BF71C0CA993000EAFA7 /* Backseat Driver */,
				37FB6C0A1C0CA99A000EAFA7 /* System */,
				37FB6BF61C0CA993000EAFA7 /* Products */,
				370E0EC31C10D9DE00F5A89C /* logosmall.png */,
				370E0EB81C10A1FF00F5A89C /* Resources */,
			);
			sourceTree = "<group>";
		};
		37FB6BF61C0CA993000EAFA7 /* Products */ = {
			isa = PBXGroup;
			children = (
				37FB6BF51C0CA993000EAFA7 /* Backseat Driver.app */,
			);
			name = Products;
			sourceTree = "<group>";
		};
		37FB6BF71C0CA993000EAFA7 /* Backseat Driver */ = {
			isa = PBXGroup;
			children = (
				370DA0C21C14D65100DF539A /* ViewControllers */,
				377637811C14D68B00A9537D /* Storyboards */,
			);
			path = "Backseat Driver";
			sourceTree = "<group>";
		};
		37FB6C0A1C0CA99A000EAFA7 /* System */ = {
			isa = PBXGroup;
			children = (
				37FB6BF81C0CA993000EAFA7 /* AppDelegate.swift */,
				37FB6BFF1C0CA993000EAFA7 /* Assets.xcassets */,
				37FB6C011C0CA993000EAFA7 /* LaunchScreen.storyboard */,
				37FB6C041C0CA993000EAFA7 /* Info.plist */,
			);
			name = System;
			path = "Backseat Driver";
			sourceTree = "<group>";
		};
/* End PBXGroup section */

/* Begin PBXNativeTarget section */
		37FB6BF41C0CA993000EAFA7 /* Backseat Driver */ = {
			isa = PBXNativeTarget;
			buildConfigurationList = 37FB6C071C0CA993000EAFA7 /* Build configuration list for PBXNativeTarget "Backseat Driver" */;
			buildPhases = (
				37FB6BF11C0CA993000EAFA7 /* Sources */,
				37FB6BF21C0CA993000EAFA7 /* Frameworks */,
				37FB6BF31C0CA993000EAFA7 /* Resources */,
				37FB6C201C0D25DE000EAFA7 /* Embed App Extensions */,
			);
			buildRules = (
			);
			dependencies = (
			);
			name = "Backseat Driver";
			productName = "Backseat Driver";
			productReference = 37FB6BF51C0CA993000EAFA7 /* Backseat Driver.app */;
			productType = "com.apple.product-type.application";
		};
/* End PBXNativeTarget section */

/* Begin PBXProject section */
		37FB6BED1C0CA993000EAFA7 /* Project object */ = {
			isa = PBXProject;
			attributes = {
				LastSwiftUpdateCheck = 0710;
				LastUpgradeCheck = 0710;
				ORGANIZATIONNAME = "Anjel Villafranco";
				TargetAttributes = {
					37FB6BF41C0CA993000EAFA7 = {
						CreatedOnToolsVersion = 7.1.1;
					};
				};
			};
			buildConfigurationList = 37FB6BF01C0CA993000EAFA7 /* Build configuration list for PBXProject "Backseat Driver" */;
			compatibilityVersion = "Xcode 3.2";
			developmentRegion = English;
			hasScannedForEncodings = 0;
			knownRegions = (
				en,
				Base,
			);
			mainGroup = 37FB6BEC1C0CA993000EAFA7;
			productRefGroup = 37FB6BF61C0CA993000EAFA7 /* Products */;
			projectDirPath = "";
			projectRoot = "";
			targets = (
				37FB6BF41C0CA993000EAFA7 /* Backseat Driver */,
			);
		};
/* End PBXProject section */

/* Begin PBXResourcesBuildPhase section */
		37FB6BF31C0CA993000EAFA7 /* Resources */ = {
			isa = PBXResourcesBuildPhase;
			buildActionMask = 2147483647;
			files = (
				37FB6C031C0CA993000EAFA7 /* LaunchScreen.storyboard in Resources */,
				370E0EC01C10A22700F5A89C /* Devil Breeze Demi.ttf in Resources */,
				37FB6C001C0CA993000EAFA7 /* Assets.xcassets in Resources */,
				370E0EC11C10A22700F5A89C /* Devil Breeze Light.ttf in Resources */,
				370E0EC21C10A22700F5A89C /* Devil Breeze Medium.ttf in Resources */,
				370E0EBE1C10A22700F5A89C /* Devil Breeze Bold.ttf in Resources */,
				370E0EC41C10D9DE00F5A89C /* logosmall.png in Resources */,
				37FB6BFE1C0CA993000EAFA7 /* Main.storyboard in Resources */,
				37FB6C0C1C0CB825000EAFA7 /* Child.storyboard in Resources */,
				370E0EBF1C10A22700F5A89C /* Devil Breeze Book.ttf in Resources */,
			);
			runOnlyForDeploymentPostprocessing = 0;
		};
/* End PBXResourcesBuildPhase section */

/* Begin PBXSourcesBuildPhase section */
		37FB6BF11C0CA993000EAFA7 /* Sources */ = {
			isa = PBXSourcesBuildPhase;
			buildActionMask = 2147483647;
			files = (
				37FB6C0E1C0CF187000EAFA7 /* LoginViewController.swift in Sources */,
				37FB6BFB1C0CA993000EAFA7 /* MapViewController.swift in Sources */,
				37FB6C101C0CF192000EAFA7 /* JoinViewController.swift in Sources */,
				370E0ECA1C1362F700F5A89C /* ChoiceViewController.swift in Sources */,
				37FB6BF91C0CA993000EAFA7 /* AppDelegate.swift in Sources */,
				377637831C14D9E700A9537D /* ChildLoginViewController.swift in Sources */,
				370E0EC81C13629900F5A89C /* SettingsViewController.swift in Sources */,
				370DA0C11C14D63600DF539A /* POCViewController.swift in Sources */,
			);
			runOnlyForDeploymentPostprocessing = 0;
		};
/* End PBXSourcesBuildPhase section */

/* Begin PBXVariantGroup section */
		37FB6BFC1C0CA993000EAFA7 /* Main.storyboard */ = {
			isa = PBXVariantGroup;
			children = (
				37FB6BFD1C0CA993000EAFA7 /* Base */,
			);
			name = Main.storyboard;
			sourceTree = "<group>";
		};
		37FB6C011C0CA993000EAFA7 /* LaunchScreen.storyboard */ = {
			isa = PBXVariantGroup;
			children = (
				37FB6C021C0CA993000EAFA7 /* Base */,
			);
			name = LaunchScreen.storyboard;
			sourceTree = "<group>";
		};
/* End PBXVariantGroup section */

/* Begin XCBuildConfiguration section */
		37FB6C051C0CA993000EAFA7 /* Debug */ = {
			isa = XCBuildConfiguration;
			buildSettings = {
				ALWAYS_SEARCH_USER_PATHS = NO;
				CLANG_CXX_LANGUAGE_STANDARD = "gnu++0x";
				CLANG_CXX_LIBRARY = "libc++";
				CLANG_ENABLE_MODULES = YES;
				CLANG_ENABLE_OBJC_ARC = YES;
				CLANG_WARN_BOOL_CONVERSION = YES;
				CLANG_WARN_CONSTANT_CONVERSION = YES;
				CLANG_WARN_DIRECT_OBJC_ISA_USAGE = YES_ERROR;
				CLANG_WARN_EMPTY_BODY = YES;
				CLANG_WARN_ENUM_CONVERSION = YES;
				CLANG_WARN_INT_CONVERSION = YES;
				CLANG_WARN_OBJC_ROOT_CLASS = YES_ERROR;
				CLANG_WARN_UNREACHABLE_CODE = YES;
				CLANG_WARN__DUPLICATE_METHOD_MATCH = YES;
				"CODE_SIGN_IDENTITY[sdk=iphoneos*]" = "iPhone Developer";
				COPY_PHASE_STRIP = NO;
				DEBUG_INFORMATION_FORMAT = dwarf;
				ENABLE_STRICT_OBJC_MSGSEND = YES;
				ENABLE_TESTABILITY = YES;
				GCC_C_LANGUAGE_STANDARD = gnu99;
				GCC_DYNAMIC_NO_PIC = NO;
				GCC_NO_COMMON_BLOCKS = YES;
				GCC_OPTIMIZATION_LEVEL = 0;
				GCC_PREPROCESSOR_DEFINITIONS = (
					"DEBUG=1",
					"$(inherited)",
				);
				GCC_WARN_64_TO_32_BIT_CONVERSION = YES;
				GCC_WARN_ABOUT_RETURN_TYPE = YES_ERROR;
				GCC_WARN_UNDECLARED_SELECTOR = YES;
				GCC_WARN_UNINITIALIZED_AUTOS = YES_AGGRESSIVE;
				GCC_WARN_UNUSED_FUNCTION = YES;
				GCC_WARN_UNUSED_VARIABLE = YES;
				IPHONEOS_DEPLOYMENT_TARGET = 9.1;
				MTL_ENABLE_DEBUG_INFO = YES;
				ONLY_ACTIVE_ARCH = YES;
				SDKROOT = iphoneos;
				SWIFT_OPTIMIZATION_LEVEL = "-Onone";
			};
			name = Debug;
		};
		37FB6C061C0CA993000EAFA7 /* Release */ = {
			isa = XCBuildConfiguration;
			buildSettings = {
				ALWAYS_SEARCH_USER_PATHS = NO;
				CLANG_CXX_LANGUAGE_STANDARD = "gnu++0x";
				CLANG_CXX_LIBRARY = "libc++";
				CLANG_ENABLE_MODULES = YES;
				CLANG_ENABLE_OBJC_ARC = YES;
				CLANG_WARN_BOOL_CONVERSION = YES;
				CLANG_WARN_CONSTANT_CONVERSION = YES;
				CLANG_WARN_DIRECT_OBJC_ISA_USAGE = YES_ERROR;
				CLANG_WARN_EMPTY_BODY = YES;
				CLANG_WARN_ENUM_CONVERSION = YES;
				CLANG_WARN_INT_CONVERSION = YES;
				CLANG_WARN_OBJC_ROOT_CLASS = YES_ERROR;
				CLANG_WARN_UNREACHABLE_CODE = YES;
				CLANG_WARN__DUPLICATE_METHOD_MATCH = YES;
				"CODE_SIGN_IDENTITY[sdk=iphoneos*]" = "iPhone Developer";
				COPY_PHASE_STRIP = NO;
				DEBUG_INFORMATION_FORMAT = "dwarf-with-dsym";
				ENABLE_NS_ASSERTIONS = NO;
				ENABLE_STRICT_OBJC_MSGSEND = YES;
				GCC_C_LANGUAGE_STANDARD = gnu99;
				GCC_NO_COMMON_BLOCKS = YES;
				GCC_WARN_64_TO_32_BIT_CONVERSION = YES;
				GCC_WARN_ABOUT_RETURN_TYPE = YES_ERROR;
				GCC_WARN_UNDECLARED_SELECTOR = YES;
				GCC_WARN_UNINITIALIZED_AUTOS = YES_AGGRESSIVE;
				GCC_WARN_UNUSED_FUNCTION = YES;
				GCC_WARN_UNUSED_VARIABLE = YES;
				IPHONEOS_DEPLOYMENT_TARGET = 9.1;
				MTL_ENABLE_DEBUG_INFO = NO;
				SDKROOT = iphoneos;
				VALIDATE_PRODUCT = YES;
			};
			name = Release;
		};
		37FB6C081C0CA993000EAFA7 /* Debug */ = {
			isa = XCBuildConfiguration;
			buildSettings = {
				ASSETCATALOG_COMPILER_APPICON_NAME = AppIcon;
				INFOPLIST_FILE = "Backseat Driver/Info.plist";
				LD_RUNPATH_SEARCH_PATHS = "$(inherited) @executable_path/Frameworks";
				PRODUCT_BUNDLE_IDENTIFIER = "com.anjelvillafranco.Backseat-Driver";
				PRODUCT_NAME = "$(TARGET_NAME)";
			};
			name = Debug;
		};
		37FB6C091C0CA993000EAFA7 /* Release */ = {
			isa = XCBuildConfiguration;
			buildSettings = {
				ASSETCATALOG_COMPILER_APPICON_NAME = AppIcon;
				INFOPLIST_FILE = "Backseat Driver/Info.plist";
				LD_RUNPATH_SEARCH_PATHS = "$(inherited) @executable_path/Frameworks";
				PRODUCT_BUNDLE_IDENTIFIER = "com.anjelvillafranco.Backseat-Driver";
				PRODUCT_NAME = "$(TARGET_NAME)";
			};
			name = Release;
		};
/* End XCBuildConfiguration section */

/* Begin XCConfigurationList section */
		37FB6BF01C0CA993000EAFA7 /* Build configuration list for PBXProject "Backseat Driver" */ = {
			isa = XCConfigurationList;
			buildConfigurations = (
				37FB6C051C0CA993000EAFA7 /* Debug */,
				37FB6C061C0CA993000EAFA7 /* Release */,
			);
			defaultConfigurationIsVisible = 0;
			defaultConfigurationName = Release;
		};
		37FB6C071C0CA993000EAFA7 /* Build configuration list for PBXNativeTarget "Backseat Driver" */ = {
			isa = XCConfigurationList;
			buildConfigurations = (
				37FB6C081C0CA993000EAFA7 /* Debug */,
				37FB6C091C0CA993000EAFA7 /* Release */,
			);
			defaultConfigurationIsVisible = 0;
			defaultConfigurationName = Release;
		};
/* End XCConfigurationList section */
	};
	rootObject = 37FB6BED1C0CA993000EAFA7 /* Project object */;
}
